PODS:
  - Flutter (1.0.0)
  - flutter_leap_sdk (0.2.2):
    - Flutter
    - Leap-SDK (~> 0.5.0)
  - Leap-SDK (0.5.0)

DEPENDENCIES:
  - Flutter (from `Flutter`)
  - flutter_leap_sdk (from `.symlinks/plugins/flutter_leap_sdk/ios`)

SPEC REPOS:
  trunk:
    - Leap-SDK

EXTERNAL SOURCES:
  Flutter:
    :path: Flutter
  flutter_leap_sdk:
    :path: ".symlinks/plugins/flutter_leap_sdk/ios"

SPEC CHECKSUMS:
  Flutter: e0871f40cf51350855a761d2e70bf5af5b9b5de7
  flutter_leap_sdk: acaf1e0e18eef6480a08c3ee804854967dbb509b
  Leap-SDK: 470d52faeb48a3aa29d1f619ab7aa51850bd5203

PODFILE CHECKSUM: 53a6aebc29ccee84c41f92f409fc20cd4ca011f1

COCOAPODS: 1.16.2
